
Microsoft Visual Studio Solution File, Format Version 12.00
# Visual Studio Version 17
VisualStudioVersion = 17.2.32630.192
MinimumVisualStudioVersion = 10.0.40219.1
Project("{FAE04EC0-301F-11D3-BF4B-00C04F79EFBC}") = "VTCManager Client", "VTCManager Client.csproj", "{C966F2A5-2D27-40B0-AA7B-C75B696D8F66}"
EndProject
Project("{FAE04EC0-301F-11D3-BF4B-00C04F79EFBC}") = "VTCManager Client Setup", "..\VTCManager Client Setup\VTCManager Client Setup.csproj", "{E9D88784-A683-4B0C-8CA3-D6A7F229993C}"
EndProject
Project("{2150E333-8FDC-42A3-9474-1A3956D46DE8}") = "Plugins", "Plugins", "{46D2DD0C-20A6-4469-AF0D-0D1BEE56767A}"
EndProject
Project("{FAE04EC0-301F-11D3-BF4B-00C04F79EFBC}") = "VTCManager.Plugins.PluginBase", "..\VTCManager.PluginBase\VTCManager.Plugins.PluginBase.csproj", "{73C656C1-D541-4D74-A3BF-CCD9CC903BA0}"
EndProject
Project("{FAE04EC0-301F-11D3-BF4B-00C04F79EFBC}") = "VTCManager.Plugins.Clock", "..\VTCManager.Plugins.Clock\VTCManager.Plugins.Clock.csproj", "{F50FA5E4-CB8B-4436-814D-E18D4CF09F08}"
EndProject
Global
	GlobalSection(SolutionConfigurationPlatforms) = preSolution
		Debug|Any CPU = Debug|Any CPU
		Debug|x64 = Debug|x64
		Debug|x86 = Debug|x86
		Release|Any CPU = Release|Any CPU
		Release|x64 = Release|x64
		Release|x86 = Release|x86
	EndGlobalSection
	GlobalSection(ProjectConfigurationPlatforms) = postSolution
		{C966F2A5-2D27-40B0-AA7B-C75B696D8F66}.Debug|Any CPU.ActiveCfg = Debug|Any CPU
		{C966F2A5-2D27-40B0-AA7B-C75B696D8F66}.Debug|Any CPU.Build.0 = Debug|Any CPU
		{C966F2A5-2D27-40B0-AA7B-C75B696D8F66}.Debug|x64.ActiveCfg = Debug|x64
		{C966F2A5-2D27-40B0-AA7B-C75B696D8F66}.Debug|x64.Build.0 = Debug|x64
		{C966F2A5-2D27-40B0-AA7B-C75B696D8F66}.Debug|x86.ActiveCfg = Debug|Any CPU
		{C966F2A5-2D27-40B0-AA7B-C75B696D8F66}.Debug|x86.Build.0 = Debug|Any CPU
		{C966F2A5-2D27-40B0-AA7B-C75B696D8F66}.Release|Any CPU.ActiveCfg = Release|Any CPU
		{C966F2A5-2D27-40B0-AA7B-C75B696D8F66}.Release|Any CPU.Build.0 = Release|Any CPU
		{C966F2A5-2D27-40B0-AA7B-C75B696D8F66}.Release|x64.ActiveCfg = Release|x64
		{C966F2A5-2D27-40B0-AA7B-C75B696D8F66}.Release|x64.Build.0 = Release|x64
		{C966F2A5-2D27-40B0-AA7B-C75B696D8F66}.Release|x86.ActiveCfg = Release|Any CPU
		{C966F2A5-2D27-40B0-AA7B-C75B696D8F66}.Release|x86.Build.0 = Release|Any CPU
		{E9D88784-A683-4B0C-8CA3-D6A7F229993C}.Debug|Any CPU.ActiveCfg = Debug|Any CPU
		{E9D88784-A683-4B0C-8CA3-D6A7F229993C}.Debug|Any CPU.Build.0 = Debug|Any CPU
		{E9D88784-A683-4B0C-8CA3-D6A7F229993C}.Debug|x64.ActiveCfg = Debug|Any CPU
		{E9D88784-A683-4B0C-8CA3-D6A7F229993C}.Debug|x64.Build.0 = Debug|Any CPU
		{E9D88784-A683-4B0C-8CA3-D6A7F229993C}.Debug|x86.ActiveCfg = Debug|Any CPU
		{E9D88784-A683-4B0C-8CA3-D6A7F229993C}.Debug|x86.Build.0 = Debug|Any CPU
		{E9D88784-A683-4B0C-8CA3-D6A7F229993C}.Release|Any CPU.ActiveCfg = Release|Any CPU
		{E9D88784-A683-4B0C-8CA3-D6A7F229993C}.Release|Any CPU.Build.0 = Release|Any CPU
		{E9D88784-A683-4B0C-8CA3-D6A7F229993C}.Release|x64.ActiveCfg = Release|Any CPU
		{E9D88784-A683-4B0C-8CA3-D6A7F229993C}.Release|x64.Build.0 = Release|Any CPU
		{E9D88784-A683-4B0C-8CA3-D6A7F229993C}.Release|x86.ActiveCfg = Release|Any CPU
		{E9D88784-A683-4B0C-8CA3-D6A7F229993C}.Release|x86.Build.0 = Release|Any CPU
		{73C656C1-D541-4D74-A3BF-CCD9CC903BA0}.Debug|Any CPU.ActiveCfg = Debug|Any CPU
		{73C656C1-D541-4D74-A3BF-CCD9CC903BA0}.Debug|Any CPU.Build.0 = Debug|Any CPU
		{73C656C1-D541-4D74-A3BF-CCD9CC903BA0}.Debug|x64.ActiveCfg = Debug|Any CPU
		{73C656C1-D541-4D74-A3BF-CCD9CC903BA0}.Debug|x64.Build.0 = Debug|Any CPU
		{73C656C1-D541-4D74-A3BF-CCD9CC903BA0}.Debug|x86.ActiveCfg = Debug|Any CPU
		{73C656C1-D541-4D74-A3BF-CCD9CC903BA0}.Debug|x86.Build.0 = Debug|Any CPU
		{73C656C1-D541-4D74-A3BF-CCD9CC903BA0}.Release|Any CPU.ActiveCfg = Release|Any CPU
		{73C656C1-D541-4D74-A3BF-CCD9CC903BA0}.Release|Any CPU.Build.0 = Release|Any CPU
		{73C656C1-D541-4D74-A3BF-CCD9CC903BA0}.Release|x64.ActiveCfg = Release|Any CPU
		{73C656C1-D541-4D74-A3BF-CCD9CC903BA0}.Release|x64.Build.0 = Release|Any CPU
		{73C656C1-D541-4D74-A3BF-CCD9CC903BA0}.Release|x86.ActiveCfg = Release|Any CPU
		{73C656C1-D541-4D74-A3BF-CCD9CC903BA0}.Release|x86.Build.0 = Release|Any CPU
		{F50FA5E4-CB8B-4436-814D-E18D4CF09F08}.Debug|Any CPU.ActiveCfg = Debug|Any CPU
		{F50FA5E4-CB8B-4436-814D-E18D4CF09F08}.Debug|Any CPU.Build.0 = Debug|Any CPU
		{F50FA5E4-CB8B-4436-814D-E18D4CF09F08}.Debug|x64.ActiveCfg = Debug|Any CPU
		{F50FA5E4-CB8B-4436-814D-E18D4CF09F08}.Debug|x64.Build.0 = Debug|Any CPU
		{F50FA5E4-CB8B-4436-814D-E18D4CF09F08}.Debug|x86.ActiveCfg = Debug|Any CPU
		{F50FA5E4-CB8B-4436-814D-E18D4CF09F08}.Debug|x86.Build.0 = Debug|Any CPU
		{F50FA5E4-CB8B-4436-814D-E18D4CF09F08}.Release|Any CPU.ActiveCfg = Release|Any CPU
		{F50FA5E4-CB8B-4436-814D-E18D4CF09F08}.Release|Any CPU.Build.0 = Release|Any CPU
		{F50FA5E4-CB8B-4436-814D-E18D4CF09F08}.Release|x64.ActiveCfg = Release|Any CPU
		{F50FA5E4-CB8B-4436-814D-E18D4CF09F08}.Release|x64.Build.0 = Release|Any CPU
		{F50FA5E4-CB8B-4436-814D-E18D4CF09F08}.Release|x86.ActiveCfg = Release|Any CPU
		{F50FA5E4-CB8B-4436-814D-E18D4CF09F08}.Release|x86.Build.0 = Release|Any CPU
	EndGlobalSection
	GlobalSection(SolutionProperties) = preSolution
		HideSolutionNode = FALSE
	EndGlobalSection
	GlobalSection(NestedProjects) = preSolution
		{73C656C1-D541-4D74-A3BF-CCD9CC903BA0} = {46D2DD0C-20A6-4469-AF0D-0D1BEE56767A}
		{F50FA5E4-CB8B-4436-814D-E18D4CF09F08} = {46D2DD0C-20A6-4469-AF0D-0D1BEE56767A}
	EndGlobalSection
	GlobalSection(ExtensibilityGlobals) = postSolution
		SolutionGuid = {4C2C6E31-ECA0-4F37-B216-EB75983D2155}
	EndGlobalSection
EndGlobal
